
Microsoft Visual Studio Solution File, Format Version 12.00
# Visual Studio 15
VisualStudioVersion = 15.0.27130.2010
MinimumVisualStudioVersion = 10.0.40219.1
Project("{E24C65DC-7377-472B-9ABA-BC803B73C61A}") = "Rotating_Translated_Triangle", "Rotating_Translated_Triangle\", "{43FFBBC2-6B50-4AD5-AC8F-E9A581E440BA}"
	ProjectSection(WebsiteProperties) = preProject
		TargetFrameworkMoniker = ".NETFramework,Version%3Dv4.6.1"
		Debug.AspNetCompiler.VirtualPath = "/localhost_63513"
		Debug.AspNetCompiler.PhysicalPath = "Rotating_Translated_Triangle\"
		Debug.AspNetCompiler.TargetPath = "PrecompiledWeb\localhost_63513\"
		Debug.AspNetCompiler.Updateable = "true"
		Debug.AspNetCompiler.ForceOverwrite = "true"
		Debug.AspNetCompiler.FixedNames = "false"
		Debug.AspNetCompiler.Debug = "True"
		Release.AspNetCompiler.VirtualPath = "/localhost_63513"
		Release.AspNetCompiler.PhysicalPath = "Rotating_Translated_Triangle\"
		Release.AspNetCompiler.TargetPath = "PrecompiledWeb\localhost_63513\"
		Release.AspNetCompiler.Updateable = "true"
		Release.AspNetCompiler.ForceOverwrite = "true"
		Release.AspNetCompiler.FixedNames = "false"
		Release.AspNetCompiler.Debug = "False"
		VWDPort = "63513"
		SlnRelativePath = "Rotating_Translated_Triangle\"
		DefaultWebSiteLanguage = "Visual C#"
	EndProjectSection
EndProject
Global
	GlobalSection(SolutionConfigurationPlatforms) = preSolution
		Debug|Any CPU = Debug|Any CPU
	EndGlobalSection
	GlobalSection(ProjectConfigurationPlatforms) = postSolution
		{43FFBBC2-6B50-4AD5-AC8F-E9A581E440BA}.Debug|Any CPU.ActiveCfg = Debug|Any CPU
		{43FFBBC2-6B50-4AD5-AC8F-E9A581E440BA}.Debug|Any CPU.Build.0 = Debug|Any CPU
	EndGlobalSection
	GlobalSection(SolutionProperties) = preSolution
		HideSolutionNode = FALSE
	EndGlobalSection
	GlobalSection(ExtensibilityGlobals) = postSolution
		SolutionGuid = {A8F233A2-AB28-4B29-9B8C-4A9D5C83AE88}
	EndGlobalSection
EndGlobal
